
Microsoft Visual Studio Solution File, Format Version 12.00
# Visual Studio Version 17
VisualStudioVersion = 17.11.35208.52
MinimumVisualStudioVersion = 10.0.40219.1
Project("{FAE04EC0-301F-11D3-BF4B-00C04F79EFBC}") = "TicTacToe_Testing", "TicTacToe_Testing\TicTacToe_Testing.csproj", "{82D8254E-23B8-42B9-955F-EE8D0D65CABE}"
EndProject
Global
	GlobalSection(SolutionConfigurationPlatforms) = preSolution
		Debug|Any CPU = Debug|Any CPU
		Release|Any CPU = Release|Any CPU
	EndGlobalSection
	GlobalSection(ProjectConfigurationPlatforms) = postSolution
		{82D8254E-23B8-42B9-955F-EE8D0D65CABE}.Debug|Any CPU.ActiveCfg = Debug|Any CPU
		{82D8254E-23B8-42B9-955F-EE8D0D65CABE}.Debug|Any CPU.Build.0 = Debug|Any CPU
		{82D8254E-23B8-42B9-955F-EE8D0D65CABE}.Release|Any CPU.ActiveCfg = Release|Any CPU
		{82D8254E-23B8-42B9-955F-EE8D0D65CABE}.Release|Any CPU.Build.0 = Release|Any CPU
	EndGlobalSection
	GlobalSection(SolutionProperties) = preSolution
		HideSolutionNode = FALSE
	EndGlobalSection
	GlobalSection(ExtensibilityGlobals) = postSolution
		SolutionGuid = {F2572C56-53FA-40EB-8BAA-EB9C92E99114}
	EndGlobalSection
EndGlobal
